{
  "object": {
    "pins": [
      {
        "package": "Base64",
        "repositoryURL": "https://github.com/rewardStyle/Base64",
        "state": {
          "branch": null,
          "revision": "b3730bf0567dede69868498495e57fcf40bb7848",
          "version": "2.0.0"
        }
      }
    ]
  },
  "version": 1
}
